// !$*UTF8*$!
{
	archiveVersion = 1;
	classes = {
	};
	objectVersion = 48;
	objects = {

/* Begin PBXBuildFile section */
		22BD7EDB1F81710E003F4FD2 /* AppDelegate.swift in Sources */ = {isa = PBXBuildFile; fileRef = 22BD7EDA1F81710E003F4FD2 /* AppDelegate.swift */; };
		22BD7EDD1F81710E003F4FD2 /* ViewController.swift in Sources */ = {isa = PBXBuildFile; fileRef = 22BD7EDC1F81710E003F4FD2 /* ViewController.swift */; };
		22BD7EE01F81710E003F4FD2 /* Main.storyboard in Resources */ = {isa = PBXBuildFile; fileRef = 22BD7EDE1F81710E003F4FD2 /* Main.storyboard */; };
		22BD7EE21F81710E003F4FD2 /* Assets.xcassets in Resources */ = {isa = PBXBuildFile; fileRef = 22BD7EE11F81710E003F4FD2 /* Assets.xcassets */; };
		22BD7EE51F81710E003F4FD2 /* LaunchScreen.storyboard in Resources */ = {isa = PBXBuildFile; fileRef = 22BD7EE31F81710E003F4FD2 /* LaunchScreen.storyboard */; };
/* End PBXBuildFile section */

/* Begin PBXFileReference section */
		22BD7ED71F81710E003F4FD2 /* SimpleImageDownloaderExample.app */ = {isa = PBXFileReference; explicitFileType = wrapper.application; includeInIndex = 0; path = SimpleImageDownloaderExample.app; sourceTree = BUILT_PRODUCTS_DIR; };
		22BD7EDA1F81710E003F4FD2 /* AppDelegate.swift */ = {isa = PBXFileReference; lastKnownFileType = sourcecode.swift; path = AppDelegate.swift; sourceTree = "<group>"; };
		22BD7EDC1F81710E003F4FD2 /* ViewController.swift */ = {isa = PBXFileReference; lastKnownFileType = sourcecode.swift; path = ViewController.swift; sourceTree = "<group>"; };
		22BD7EDF1F81710E003F4FD2 /* Base */ = {isa = PBXFileReference; lastKnownFileType = file.storyboard; name = Base; path = Base.lproj/Main.storyboard; sourceTree = "<group>"; };
		22BD7EE11F81710E003F4FD2 /* Assets.xcassets */ = {isa = PBXFileReference; lastKnownFileType = folder.assetcatalog; path = Assets.xcassets; sourceTree = "<group>"; };
		22BD7EE41F81710E003F4FD2 /* Base */ = {isa = PBXFileReference; lastKnownFileType = file.storyboard; name = Base; path = Base.lproj/LaunchScreen.storyboard; sourceTree = "<group>"; };
		22BD7EE61F81710E003F4FD2 /* Info.plist */ = {isa = PBXFileReference; lastKnownFileType = text.plist.xml; path = Info.plist; sourceTree = "<group>"; };
/* End PBXFileReference section */

/* Begin PBXFrameworksBuildPhase section */
		22BD7ED41F81710D003F4FD2 /* Frameworks */ = {
			isa = PBXFrameworksBuildPhase;
			buildActionMask = 2147483647;
			files = (
			);
			runOnlyForDeploymentPostprocessing = 0;
		};
/* End PBXFrameworksBuildPhase section */

/* Begin PBXGroup section */
		22BD7ECE1F81710D003F4FD2 = {
			isa = PBXGroup;
			children = (
				22BD7ED91F81710E003F4FD2 /* SimpleImageDownloaderExample */,
				22BD7ED81F81710E003F4FD2 /* Products */,
			);
			sourceTree = "<group>";
		};
		22BD7ED81F81710E003F4FD2 /* Products */ = {
			isa = PBXGroup;
			children = (
				22BD7ED71F81710E003F4FD2 /* SimpleImageDownloaderExample.app */,
			);
			name = Products;
			sourceTree = "<group>";
		};
		22BD7ED91F81710E003F4FD2 /* SimpleImageDownloaderExample */ = {
			isa = PBXGroup;
			children = (
				22BD7EDA1F81710E003F4FD2 /* AppDelegate.swift */,
				22BD7EDC1F81710E003F4FD2 /* ViewController.swift */,
				22BD7EDE1F81710E003F4FD2 /* Main.storyboard */,
				22BD7EE11F81710E003F4FD2 /* Assets.xcassets */,
				22BD7EE31F81710E003F4FD2 /* LaunchScreen.storyboard */,
				22BD7EE61F81710E003F4FD2 /* Info.plist */,
			);
			path = SimpleImageDownloaderExample;
			sourceTree = "<group>";
		};
/* End PBXGroup section */

/* Begin PBXNativeTarget section */
		22BD7ED61F81710D003F4FD2 /* SimpleImageDownloaderExample */ = {
			isa = PBXNativeTarget;
			buildConfigurationList = 22BD7EE91F81710E003F4FD2 /* Build configuration list for PBXNativeTarget "SimpleImageDownloaderExample" */;
			buildPhases = (
				22BD7ED31F81710D003F4FD2 /* Sources */,
				22BD7ED41F81710D003F4FD2 /* Frameworks */,
				22BD7ED51F81710D003F4FD2 /* Resources */,
			);
			buildRules = (
			);
			dependencies = (
			);
			name = SimpleImageDownloaderExample;
			productName = SimpleImageDownloaderExample;
			productReference = 22BD7ED71F81710E003F4FD2 /* SimpleImageDownloaderExample.app */;
			productType = "com.apple.product-type.application";
		};
/* End PBXNativeTarget section */

/* Begin PBXProject section */
		22BD7ECF1F81710D003F4FD2 /* Project object */ = {
			isa = PBXProject;
			attributes = {
				LastSwiftUpdateCheck = 0900;
				LastUpgradeCheck = 0900;
				ORGANIZATIONNAME = "Andrew Carter";
				TargetAttributes = {
					22BD7ED61F81710D003F4FD2 = {
						CreatedOnToolsVersion = 9.0;
						ProvisioningStyle = Automatic;
					};
				};
			};
			buildConfigurationList = 22BD7ED21F81710D003F4FD2 /* Build configuration list for PBXProject "SimpleImageDownloaderExample" */;
			compatibilityVersion = "Xcode 8.0";
			developmentRegion = en;
			hasScannedForEncodings = 0;
			knownRegions = (
				en,
				Base,
			);
			mainGroup = 22BD7ECE1F81710D003F4FD2;
			productRefGroup = 22BD7ED81F81710E003F4FD2 /* Products */;
			projectDirPath = "";
			projectRoot = "";
			targets = (
				22BD7ED61F81710D003F4FD2 /* SimpleImageDownloaderExample */,
			);
		};
/* End PBXProject section */

/* Begin PBXResourcesBuildPhase section */
		22BD7ED51F81710D003F4FD2 /* Resources */ = {
			isa = PBXResourcesBuildPhase;
			buildActionMask = 2147483647;
			files = (
				22BD7EE51F81710E003F4FD2 /* LaunchScreen.storyboard in Resources */,
				22BD7EE21F81710E003F4FD2 /* Assets.xcassets in Resources */,
				22BD7EE01F81710E003F4FD2 /* Main.storyboard in Resources */,
			);
			runOnlyForDeploymentPostprocessing = 0;
		};
/* End PBXResourcesBuildPhase section */

/* Begin PBXSourcesBuildPhase section */
		22BD7ED31F81710D003F4FD2 /* Sources */ = {
			isa = PBXSourcesBuildPhase;
			buildActionMask = 2147483647;
			files = (
				22BD7EDD1F81710E003F4FD2 /* ViewController.swift in Sources */,
				22BD7EDB1F81710E003F4FD2 /* AppDelegate.swift in Sources */,
			);
			runOnlyForDeploymentPostprocessing = 0;
		};
/* End PBXSourcesBuildPhase section */

/* Begin PBXVariantGroup section */
		22BD7EDE1F81710E003F4FD2 /* Main.storyboard */ = {
			isa = PBXVariantGroup;
			children = (
				22BD7EDF1F81710E003F4FD2 /* Base */,
			);
			name = Main.storyboard;
			sourceTree = "<group>";
		};
		22BD7EE31F81710E003F4FD2 /* LaunchScreen.storyboard */ = {
			isa = PBXVariantGroup;
			children = (
				22BD7EE41F81710E003F4FD2 /* Base */,
			);
			name = LaunchScreen.storyboard;
			sourceTree = "<group>";
		};
/* End PBXVariantGroup section */

/* Begin XCBuildConfiguration section */
		22BD7EE71F81710E003F4FD2 /* Debug */ = {
			isa = XCBuildConfiguration;
			buildSettings = {
				ALWAYS_SEARCH_USER_PATHS = NO;
				CLANG_ANALYZER_NONNULL = YES;
				CLANG_ANALYZER_NUMBER_OBJECT_CONVERSION = YES_AGGRESSIVE;
				CLANG_CXX_LANGUAGE_STANDARD = "gnu++14";
				CLANG_CXX_LIBRARY = "libc++";
				CLANG_ENABLE_MODULES = YES;
				CLANG_ENABLE_OBJC_ARC = YES;
				CLANG_WARN_BLOCK_CAPTURE_AUTORELEASING = YES;
				CLANG_WARN_BOOL_CONVERSION = YES;
				CLANG_WARN_COMMA = YES;
				CLANG_WARN_CONSTANT_CONVERSION = YES;
				CLANG_WARN_DIRECT_OBJC_ISA_USAGE = YES_ERROR;
				CLANG_WARN_DOCUMENTATION_COMMENTS = YES;
				CLANG_WARN_EMPTY_BODY = YES;
				CLANG_WARN_ENUM_CONVERSION = YES;
				CLANG_WARN_INFINITE_RECURSION = YES;
				CLANG_WARN_INT_CONVERSION = YES;
				CLANG_WARN_NON_LITERAL_NULL_CONVERSION = YES;
				CLANG_WARN_OBJC_LITERAL_CONVERSION = YES;
				CLANG_WARN_OBJC_ROOT_CLASS = YES_ERROR;
				CLANG_WARN_RANGE_LOOP_ANALYSIS = YES;
				CLANG_WARN_STRICT_PROTOTYPES = YES;
				CLANG_WARN_SUSPICIOUS_MOVE = YES;
				CLANG_WARN_UNGUARDED_AVAILABILITY = YES_AGGRESSIVE;
				CLANG_WARN_UNREACHABLE_CODE = YES;
				CLANG_WARN__DUPLICATE_METHOD_MATCH = YES;
				CODE_SIGN_IDENTITY = "iPhone Developer";
				COPY_PHASE_STRIP = NO;
				DEBUG_INFORMATION_FORMAT = dwarf;
				ENABLE_STRICT_OBJC_MSGSEND = YES;
				ENABLE_TESTABILITY = YES;
				GCC_C_LANGUAGE_STANDARD = gnu11;
				GCC_DYNAMIC_NO_PIC = NO;
				GCC_NO_COMMON_BLOCKS = YES;
				GCC_OPTIMIZATION_LEVEL = 0;
				GCC_PREPROCESSOR_DEFINITIONS = (
					"DEBUG=1",
					"$(inherited)",
				);
				GCC_WARN_64_TO_32_BIT_CONVERSION = YES;
				GCC_WARN_ABOUT_RETURN_TYPE = YES_ERROR;
				GCC_WARN_UNDECLARED_SELECTOR = YES;
				GCC_WARN_UNINITIALIZED_AUTOS = YES_AGGRESSIVE;
				GCC_WARN_UNUSED_FUNCTION = YES;
				GCC_WARN_UNUSED_VARIABLE = YES;
				IPHONEOS_DEPLOYMENT_TARGET = 11.0;
				MTL_ENABLE_DEBUG_INFO = YES;
				ONLY_ACTIVE_ARCH = YES;
				SDKROOT = iphoneos;
				SWIFT_ACTIVE_COMPILATION_CONDITIONS = DEBUG;
				SWIFT_OPTIMIZATION_LEVEL = "-Onone";
			};
			name = Debug;
		};
		22BD7EE81F81710E003F4FD2 /* Release */ = {
			isa = XCBuildConfiguration;
			buildSettings = {
				ALWAYS_SEARCH_USER_PATHS = NO;
				CLANG_ANALYZER_NONNULL = YES;
				CLANG_ANALYZER_NUMBER_OBJECT_CONVERSION = YES_AGGRESSIVE;
				CLANG_CXX_LANGUAGE_STANDARD = "gnu++14";
				CLANG_CXX_LIBRARY = "libc++";
				CLANG_ENABLE_MODULES = YES;
				CLANG_ENABLE_OBJC_ARC = YES;
				CLANG_WARN_BLOCK_CAPTURE_AUTORELEASING = YES;
				CLANG_WARN_BOOL_CONVERSION = YES;
				CLANG_WARN_COMMA = YES;
				CLANG_WARN_CONSTANT_CONVERSION = YES;
				CLANG_WARN_DIRECT_OBJC_ISA_USAGE = YES_ERROR;
				CLANG_WARN_DOCUMENTATION_COMMENTS = YES;
				CLANG_WARN_EMPTY_BODY = YES;
				CLANG_WARN_ENUM_CONVERSION = YES;
				CLANG_WARN_INFINITE_RECURSION = YES;
				CLANG_WARN_INT_CONVERSION = YES;
				CLANG_WARN_NON_LITERAL_NULL_CONVERSION = YES;
				CLANG_WARN_OBJC_LITERAL_CONVERSION = YES;
				CLANG_WARN_OBJC_ROOT_CLASS = YES_ERROR;
				CLANG_WARN_RANGE_LOOP_ANALYSIS = YES;
				CLANG_WARN_STRICT_PROTOTYPES = YES;
				CLANG_WARN_SUSPICIOUS_MOVE = YES;
				CLANG_WARN_UNGUARDED_AVAILABILITY = YES_AGGRESSIVE;
				CLANG_WARN_UNREACHABLE_CODE = YES;
				CLANG_WARN__DUPLICATE_METHOD_MATCH = YES;
				CODE_SIGN_IDENTITY = "iPhone Developer";
				COPY_PHASE_STRIP = NO;
				DEBUG_INFORMATION_FORMAT = "dwarf-with-dsym";
				ENABLE_NS_ASSERTIONS = NO;
				ENABLE_STRICT_OBJC_MSGSEND = YES;
				GCC_C_LANGUAGE_STANDARD = gnu11;
				GCC_NO_COMMON_BLOCKS = YES;
				GCC_WARN_64_TO_32_BIT_CONVERSION = YES;
				GCC_WARN_ABOUT_RETURN_TYPE = YES_ERROR;
				GCC_WARN_UNDECLARED_SELECTOR = YES;
				GCC_WARN_UNINITIALIZED_AUTOS = YES_AGGRESSIVE;
				GCC_WARN_UNUSED_FUNCTION = YES;
				GCC_WARN_UNUSED_VARIABLE = YES;
				IPHONEOS_DEPLOYMENT_TARGET = 11.0;
				MTL_ENABLE_DEBUG_INFO = NO;
				SDKROOT = iphoneos;
				SWIFT_OPTIMIZATION_LEVEL = "-Owholemodule";
				VALIDATE_PRODUCT = YES;
			};
			name = Release;
		};
		22BD7EEA1F81710E003F4FD2 /* Debug */ = {
			isa = XCBuildConfiguration;
			buildSettings = {
				ASSETCATALOG_COMPILER_APPICON_NAME = AppIcon;
				CODE_SIGN_STYLE = Automatic;
				DEVELOPMENT_TEAM = J5DZUJM8FC;
				INFOPLIST_FILE = SimpleImageDownloaderExample/Info.plist;
				LD_RUNPATH_SEARCH_PATHS = "$(inherited) @executable_path/Frameworks";
				PRODUCT_BUNDLE_IDENTIFIER = com.pinchstudios.SimpleImageDownloaderExample;
				PRODUCT_NAME = "$(TARGET_NAME)";
				SWIFT_VERSION = 4.0;
				TARGETED_DEVICE_FAMILY = "1,2";
			};
			name = Debug;
		};
		22BD7EEB1F81710E003F4FD2 /* Release */ = {
			isa = XCBuildConfiguration;
			buildSettings = {
				ASSETCATALOG_COMPILER_APPICON_NAME = AppIcon;
				CODE_SIGN_STYLE = Automatic;
				DEVELOPMENT_TEAM = J5DZUJM8FC;
				INFOPLIST_FILE = SimpleImageDownloaderExample/Info.plist;
				LD_RUNPATH_SEARCH_PATHS = "$(inherited) @executable_path/Frameworks";
				PRODUCT_BUNDLE_IDENTIFIER = com.pinchstudios.SimpleImageDownloaderExample;
				PRODUCT_NAME = "$(TARGET_NAME)";
				SWIFT_VERSION = 4.0;
				TARGETED_DEVICE_FAMILY = "1,2";
			};
			name = Release;
		};
/* End XCBuildConfiguration section */

/* Begin XCConfigurationList section */
		22BD7ED21F81710D003F4FD2 /* Build configuration list for PBXProject "SimpleImageDownloaderExample" */ = {
			isa = XCConfigurationList;
			buildConfigurations = (
				22BD7EE71F81710E003F4FD2 /* Debug */,
				22BD7EE81F81710E003F4FD2 /* Release */,
			);
			defaultConfigurationIsVisible = 0;
			defaultConfigurationName = Release;
		};
		22BD7EE91F81710E003F4FD2 /* Build configuration list for PBXNativeTarget "SimpleImageDownloaderExample" */ = {
			isa = XCConfigurationList;
			buildConfigurations = (
				22BD7EEA1F81710E003F4FD2 /* Debug */,
				22BD7EEB1F81710E003F4FD2 /* Release */,
			);
			defaultConfigurationIsVisible = 0;
			defaultConfigurationName = Release;
		};
/* End XCConfigurationList section */
	};
	rootObject = 22BD7ECF1F81710D003F4FD2 /* Project object */;
}
